
Microsoft Visual Studio Solution File, Format Version 12.00
# Visual Studio Version 17
VisualStudioVersion = 17.4.33110.190
MinimumVisualStudioVersion = 10.0.40219.1
Project("{FAE04EC0-301F-11D3-BF4B-00C04F79EFBC}") = "lotniska", "lotniska\lotniska.csproj", "{5D5052FD-81B8-47DA-A29B-9B93A641F701}"
EndProject
Global
	GlobalSection(SolutionConfigurationPlatforms) = preSolution
		Debug|Any CPU = Debug|Any CPU
		Release|Any CPU = Release|Any CPU
	EndGlobalSection
	GlobalSection(ProjectConfigurationPlatforms) = postSolution
		{5D5052FD-81B8-47DA-A29B-9B93A641F701}.Debug|Any CPU.ActiveCfg = Debug|Any CPU
		{5D5052FD-81B8-47DA-A29B-9B93A641F701}.Debug|Any CPU.Build.0 = Debug|Any CPU
		{5D5052FD-81B8-47DA-A29B-9B93A641F701}.Release|Any CPU.ActiveCfg = Release|Any CPU
		{5D5052FD-81B8-47DA-A29B-9B93A641F701}.Release|Any CPU.Build.0 = Release|Any CPU
	EndGlobalSection
	GlobalSection(SolutionProperties) = preSolution
		HideSolutionNode = FALSE
	EndGlobalSection
	GlobalSection(ExtensibilityGlobals) = postSolution
		SolutionGuid = {4E4B48E0-A167-465E-B02D-E989435C1C83}
	EndGlobalSection
EndGlobal
